Microsoft Visual Studio Solution File, Format Version 12.00
# Visual Studio Version 17
VisualStudioVersion = 17.5.2.0
MinimumVisualStudioVersion = 10.0.40219.1
Project("{FAE04EC0-301F-11D3-BF4B-00C04F79EFBC}") = "WideAwake", "WideAwake.csproj", "{65D548AC-A9C3-A928-173E-881CAFD7536A}"
EndProject
Global
	GlobalSection(SolutionConfigurationPlatforms) = preSolution
		Debug|Any CPU = Debug|Any CPU
		Release|Any CPU = Release|Any CPU
	EndGlobalSection
	GlobalSection(ProjectConfigurationPlatforms) = postSolution
		{65D548AC-A9C3-A928-173E-881CAFD7536A}.Debug|Any CPU.ActiveCfg = Debug|Any CPU
		{65D548AC-A9C3-A928-173E-881CAFD7536A}.Debug|Any CPU.Build.0 = Debug|Any CPU
		{65D548AC-A9C3-A928-173E-881CAFD7536A}.Release|Any CPU.ActiveCfg = Release|Any CPU
		{65D548AC-A9C3-A928-173E-881CAFD7536A}.Release|Any CPU.Build.0 = Release|Any CPU
	EndGlobalSection
	GlobalSection(SolutionProperties) = preSolution
		HideSolutionNode = FALSE
	EndGlobalSection
	GlobalSection(ExtensibilityGlobals) = postSolution
		SolutionGuid = {332CD801-5388-4BB2-B54C-593B3D75C21D}
	EndGlobalSection
EndGlobal
